
Microsoft Visual Studio Solution File, Format Version 12.00
# Visual Studio Version 17
VisualStudioVersion = 17.13.35931.197 d17.13
MinimumVisualStudioVersion = 10.0.40219.1
Project("{FAE04EC0-301F-11D3-BF4B-00C04F79EFBC}") = "Questao-1", "TesteTargetSistenas\Questao-1.csproj", "{F6064464-D127-402B-B7BF-A73CB825FEAB}"
EndProject
Project("{FAE04EC0-301F-11D3-BF4B-00C04F79EFBC}") = "Questao-2", "Questao-2\Questao-2.csproj", "{38063717-27B0-497C-B7CF-2D18DB0FA376}"
EndProject
Project("{FAE04EC0-301F-11D3-BF4B-00C04F79EFBC}") = "Questao-4", "Questao-4\Questao-4.csproj", "{F8CB52DB-2E27-44E1-9110-5531CBED18E6}"
EndProject
Project("{FAE04EC0-301F-11D3-BF4B-00C04F79EFBC}") = "Questao-5", "Questao-5\Questao-5.csproj", "{9659E196-C43F-4836-B4B0-99DF82E7C3C9}"
EndProject
Project("{FAE04EC0-301F-11D3-BF4B-00C04F79EFBC}") = "Questao-3", "Questao-3\Questao-3.csproj", "{2804586D-AD9F-46FE-8410-288D7FD71675}"
EndProject
Global
	GlobalSection(SolutionConfigurationPlatforms) = preSolution
		Debug|Any CPU = Debug|Any CPU
		Release|Any CPU = Release|Any CPU
	EndGlobalSection
	GlobalSection(ProjectConfigurationPlatforms) = postSolution
		{F6064464-D127-402B-B7BF-A73CB825FEAB}.Debug|Any CPU.ActiveCfg = Debug|Any CPU
		{F6064464-D127-402B-B7BF-A73CB825FEAB}.Debug|Any CPU.Build.0 = Debug|Any CPU
		{F6064464-D127-402B-B7BF-A73CB825FEAB}.Release|Any CPU.ActiveCfg = Release|Any CPU
		{F6064464-D127-402B-B7BF-A73CB825FEAB}.Release|Any CPU.Build.0 = Release|Any CPU
		{38063717-27B0-497C-B7CF-2D18DB0FA376}.Debug|Any CPU.ActiveCfg = Debug|Any CPU
		{38063717-27B0-497C-B7CF-2D18DB0FA376}.Debug|Any CPU.Build.0 = Debug|Any CPU
		{38063717-27B0-497C-B7CF-2D18DB0FA376}.Release|Any CPU.ActiveCfg = Release|Any CPU
		{38063717-27B0-497C-B7CF-2D18DB0FA376}.Release|Any CPU.Build.0 = Release|Any CPU
		{F8CB52DB-2E27-44E1-9110-5531CBED18E6}.Debug|Any CPU.ActiveCfg = Debug|Any CPU
		{F8CB52DB-2E27-44E1-9110-5531CBED18E6}.Debug|Any CPU.Build.0 = Debug|Any CPU
		{F8CB52DB-2E27-44E1-9110-5531CBED18E6}.Release|Any CPU.ActiveCfg = Release|Any CPU
		{F8CB52DB-2E27-44E1-9110-5531CBED18E6}.Release|Any CPU.Build.0 = Release|Any CPU
		{9659E196-C43F-4836-B4B0-99DF82E7C3C9}.Debug|Any CPU.ActiveCfg = Debug|Any CPU
		{9659E196-C43F-4836-B4B0-99DF82E7C3C9}.Debug|Any CPU.Build.0 = Debug|Any CPU
		{9659E196-C43F-4836-B4B0-99DF82E7C3C9}.Release|Any CPU.ActiveCfg = Release|Any CPU
		{9659E196-C43F-4836-B4B0-99DF82E7C3C9}.Release|Any CPU.Build.0 = Release|Any CPU
		{2804586D-AD9F-46FE-8410-288D7FD71675}.Debug|Any CPU.ActiveCfg = Debug|Any CPU
		{2804586D-AD9F-46FE-8410-288D7FD71675}.Debug|Any CPU.Build.0 = Debug|Any CPU
		{2804586D-AD9F-46FE-8410-288D7FD71675}.Release|Any CPU.ActiveCfg = Release|Any CPU
		{2804586D-AD9F-46FE-8410-288D7FD71675}.Release|Any CPU.Build.0 = Release|Any CPU
	EndGlobalSection
	GlobalSection(SolutionProperties) = preSolution
		HideSolutionNode = FALSE
	EndGlobalSection
	GlobalSection(ExtensibilityGlobals) = postSolution
		SolutionGuid = {668B8E22-71FC-49F2-B9D9-E1D5D9FFFA0E}
	EndGlobalSection
EndGlobal
